
Microsoft Visual Studio Solution File, Format Version 12.00
# Visual Studio Version 17
VisualStudioVersion = 17.12.35707.178
MinimumVisualStudioVersion = 10.0.40219.1
Project("{FAE04EC0-301F-11D3-BF4B-00C04F79EFBC}") = "SavannaApp", "SavannaApp\SavannaApp.csproj", "{0290BA28-2B9F-4CBD-B8D4-E094EA75F352}"
EndProject
Project("{FAE04EC0-301F-11D3-BF4B-00C04F79EFBC}") = "SavannaApp.Data", "SavannaApp.Data\SavannaApp.Data.csproj", "{84AAA628-7BEB-438E-8E53-B7CD91D9A8D6}"
EndProject
Project("{FAE04EC0-301F-11D3-BF4B-00C04F79EFBC}") = "SavannaApp.Tests", "SavannaApp.Tests\SavannaApp.Tests.csproj", "{6B83ED77-6FDE-4723-BE55-A1DE4D5D70A7}"
EndProject
Project("{FAE04EC0-301F-11D3-BF4B-00C04F79EFBC}") = "SavannaApp.Business", "SavannaApp.Business\SavannaApp.Business.csproj", "{420AE052-C3F6-4B53-A278-94740912B583}"
EndProject
Project("{FAE04EC0-301F-11D3-BF4B-00C04F79EFBC}") = "SavannaApp.Animals", "SavannaApp.Animals\SavannaApp.Animals.csproj", "{9DBCD1F7-A393-4CD9-AA71-647A563D61DB}"
EndProject
Global
	GlobalSection(SolutionConfigurationPlatforms) = preSolution
		Debug|Any CPU = Debug|Any CPU
		Release|Any CPU = Release|Any CPU
	EndGlobalSection
	GlobalSection(ProjectConfigurationPlatforms) = postSolution
		{0290BA28-2B9F-4CBD-B8D4-E094EA75F352}.Debug|Any CPU.ActiveCfg = Debug|Any CPU
		{0290BA28-2B9F-4CBD-B8D4-E094EA75F352}.Debug|Any CPU.Build.0 = Debug|Any CPU
		{0290BA28-2B9F-4CBD-B8D4-E094EA75F352}.Release|Any CPU.ActiveCfg = Release|Any CPU
		{0290BA28-2B9F-4CBD-B8D4-E094EA75F352}.Release|Any CPU.Build.0 = Release|Any CPU
		{84AAA628-7BEB-438E-8E53-B7CD91D9A8D6}.Debug|Any CPU.ActiveCfg = Debug|Any CPU
		{84AAA628-7BEB-438E-8E53-B7CD91D9A8D6}.Debug|Any CPU.Build.0 = Debug|Any CPU
		{84AAA628-7BEB-438E-8E53-B7CD91D9A8D6}.Release|Any CPU.ActiveCfg = Release|Any CPU
		{84AAA628-7BEB-438E-8E53-B7CD91D9A8D6}.Release|Any CPU.Build.0 = Release|Any CPU
		{6B83ED77-6FDE-4723-BE55-A1DE4D5D70A7}.Debug|Any CPU.ActiveCfg = Debug|Any CPU
		{6B83ED77-6FDE-4723-BE55-A1DE4D5D70A7}.Debug|Any CPU.Build.0 = Debug|Any CPU
		{6B83ED77-6FDE-4723-BE55-A1DE4D5D70A7}.Release|Any CPU.ActiveCfg = Release|Any CPU
		{6B83ED77-6FDE-4723-BE55-A1DE4D5D70A7}.Release|Any CPU.Build.0 = Release|Any CPU
		{420AE052-C3F6-4B53-A278-94740912B583}.Debug|Any CPU.ActiveCfg = Debug|Any CPU
		{420AE052-C3F6-4B53-A278-94740912B583}.Debug|Any CPU.Build.0 = Debug|Any CPU
		{420AE052-C3F6-4B53-A278-94740912B583}.Release|Any CPU.ActiveCfg = Release|Any CPU
		{420AE052-C3F6-4B53-A278-94740912B583}.Release|Any CPU.Build.0 = Release|Any CPU
		{9DBCD1F7-A393-4CD9-AA71-647A563D61DB}.Debug|Any CPU.ActiveCfg = Debug|Any CPU
		{9DBCD1F7-A393-4CD9-AA71-647A563D61DB}.Debug|Any CPU.Build.0 = Debug|Any CPU
		{9DBCD1F7-A393-4CD9-AA71-647A563D61DB}.Release|Any CPU.ActiveCfg = Release|Any CPU
		{9DBCD1F7-A393-4CD9-AA71-647A563D61DB}.Release|Any CPU.Build.0 = Release|Any CPU
	EndGlobalSection
	GlobalSection(SolutionProperties) = preSolution
		HideSolutionNode = FALSE
	EndGlobalSection
EndGlobal
